
Microsoft Visual Studio Solution File, Format Version 12.00
# Visual Studio Version 16
VisualStudioVersion = 16.0.30907.101
MinimumVisualStudioVersion = 10.0.40219.1
Project("{9A19103F-16F7-4668-BE54-9A1E7A4F7556}") = "question1", "question1\question1.csproj", "{71F48AE7-2460-44B9-A968-4065BCFA5446}"
EndProject
Project("{9A19103F-16F7-4668-BE54-9A1E7A4F7556}") = "question2", "question2\question2.csproj", "{082AA790-DF10-4C45-BBC4-2010D58C22C7}"
EndProject
Project("{FAE04EC0-301F-11D3-BF4B-00C04F79EFBC}") = "question3", "question3\question3.csproj", "{483DE1B2-8B25-45BE-A6BC-11B91600AB5F}"
EndProject
Project("{FAE04EC0-301F-11D3-BF4B-00C04F79EFBC}") = "question4", "question4\question4.csproj", "{2B894094-3295-41A2-9E5B-90D96FF4AC0E}"
EndProject
Global
	GlobalSection(SolutionConfigurationPlatforms) = preSolution
		Debug|Any CPU = Debug|Any CPU
		Release|Any CPU = Release|Any CPU
	EndGlobalSection
	GlobalSection(ProjectConfigurationPlatforms) = postSolution
		{71F48AE7-2460-44B9-A968-4065BCFA5446}.Debug|Any CPU.ActiveCfg = Debug|Any CPU
		{71F48AE7-2460-44B9-A968-4065BCFA5446}.Debug|Any CPU.Build.0 = Debug|Any CPU
		{71F48AE7-2460-44B9-A968-4065BCFA5446}.Release|Any CPU.ActiveCfg = Release|Any CPU
		{71F48AE7-2460-44B9-A968-4065BCFA5446}.Release|Any CPU.Build.0 = Release|Any CPU
		{082AA790-DF10-4C45-BBC4-2010D58C22C7}.Debug|Any CPU.ActiveCfg = Debug|Any CPU
		{082AA790-DF10-4C45-BBC4-2010D58C22C7}.Debug|Any CPU.Build.0 = Debug|Any CPU
		{082AA790-DF10-4C45-BBC4-2010D58C22C7}.Release|Any CPU.ActiveCfg = Release|Any CPU
		{082AA790-DF10-4C45-BBC4-2010D58C22C7}.Release|Any CPU.Build.0 = Release|Any CPU
		{483DE1B2-8B25-45BE-A6BC-11B91600AB5F}.Debug|Any CPU.ActiveCfg = Debug|Any CPU
		{483DE1B2-8B25-45BE-A6BC-11B91600AB5F}.Debug|Any CPU.Build.0 = Debug|Any CPU
		{483DE1B2-8B25-45BE-A6BC-11B91600AB5F}.Release|Any CPU.ActiveCfg = Release|Any CPU
		{483DE1B2-8B25-45BE-A6BC-11B91600AB5F}.Release|Any CPU.Build.0 = Release|Any CPU
		{2B894094-3295-41A2-9E5B-90D96FF4AC0E}.Debug|Any CPU.ActiveCfg = Debug|Any CPU
		{2B894094-3295-41A2-9E5B-90D96FF4AC0E}.Debug|Any CPU.Build.0 = Debug|Any CPU
		{2B894094-3295-41A2-9E5B-90D96FF4AC0E}.Release|Any CPU.ActiveCfg = Release|Any CPU
		{2B894094-3295-41A2-9E5B-90D96FF4AC0E}.Release|Any CPU.Build.0 = Release|Any CPU
	EndGlobalSection
	GlobalSection(SolutionProperties) = preSolution
		HideSolutionNode = FALSE
	EndGlobalSection
	GlobalSection(ExtensibilityGlobals) = postSolution
		SolutionGuid = {035C908E-E9C2-4120-B7BE-E44AD53590C3}
	EndGlobalSection
EndGlobal
